
Microsoft Visual Studio Solution File, Format Version 12.00
# Visual Studio Version 16
VisualStudioVersion = 16.0.31321.278
MinimumVisualStudioVersion = 10.0.40219.1
Project("{FAE04EC0-301F-11D3-BF4B-00C04F79EFBC}") = "DependancyInjectionEx1", "DependancyInjectionEx1.csproj", "{30648506-B029-47C0-B623-9B85E0806A09}"
EndProject
Global
	GlobalSection(SolutionConfigurationPlatforms) = preSolution
		Debug|Any CPU = Debug|Any CPU
		Release|Any CPU = Release|Any CPU
	EndGlobalSection
	GlobalSection(ProjectConfigurationPlatforms) = postSolution
		{30648506-B029-47C0-B623-9B85E0806A09}.Debug|Any CPU.ActiveCfg = Debug|Any CPU
		{30648506-B029-47C0-B623-9B85E0806A09}.Debug|Any CPU.Build.0 = Debug|Any CPU
		{30648506-B029-47C0-B623-9B85E0806A09}.Release|Any CPU.ActiveCfg = Release|Any CPU
		{30648506-B029-47C0-B623-9B85E0806A09}.Release|Any CPU.Build.0 = Release|Any CPU
	EndGlobalSection
	GlobalSection(SolutionProperties) = preSolution
		HideSolutionNode = FALSE
	EndGlobalSection
	GlobalSection(ExtensibilityGlobals) = postSolution
		SolutionGuid = {E2B155A5-BF6C-4681-B5E0-60270F1A2823}
	EndGlobalSection
EndGlobal
